
Microsoft Visual Studio Solution File, Format Version 12.00
# Visual Studio 2012
Project("{FAE04EC0-301F-11D3-BF4B-00C04F79EFBC}") = "Robot_Arm.SpeechRecognition", "Robot_Arm.SpeechRecognition\Robot_Arm.SpeechRecognition.csproj", "{4BFFAD55-54B5-4D5E-851B-AE5F4122819C}"
EndProject
Project("{FAE04EC0-301F-11D3-BF4B-00C04F79EFBC}") = "Robot_Arm.Video", "Robot_Arm.Video\Robot_Arm.Video.csproj", "{36B5015E-6EB2-4AC3-A003-77B772755AAD}"
EndProject
Project("{FAE04EC0-301F-11D3-BF4B-00C04F79EFBC}") = "Robot_Arm.Navigation", "Robot_Arm.Navigation\Robot_Arm.Navigation.csproj", "{9CCA42D5-3875-4664-AB16-7782E830BB49}"
EndProject
Project("{FAE04EC0-301F-11D3-BF4B-00C04F79EFBC}") = "Robot_Arm", "Robot_Arm\Robot_Arm.csproj", "{6E9ECBA4-A708-4620-8BB7-B1752A6714C4}"
EndProject
Project("{FAE04EC0-301F-11D3-BF4B-00C04F79EFBC}") = "Robot_Arm.GUI", "Robot_Arm.GUI\Robot_Arm.GUI.csproj", "{F15C7227-500B-4B07-91E6-D3B3024B7F83}"
EndProject
Project("{8BC9CEB8-8B4A-11D0-8D11-00A0C91BC942}") = "Robot_Arm.GPU", "Robot_Arm.GPU\Robot_Arm.GPU.vcxproj", "{B3CCD1A3-0430-4637-990E-3B4AEC3BD50B}"
EndProject
Project("{FAE04EC0-301F-11D3-BF4B-00C04F79EFBC}") = "ManualTests", "ManualTests\ManualTests.csproj", "{1EC0B556-B343-46B1-9099-7B71431E8C9E}"
EndProject
Project("{FAE04EC0-301F-11D3-BF4B-00C04F79EFBC}") = "GPU_Test", "GPU_Test\GPU_Test.csproj", "{936AAB64-D0C7-48D9-98F3-1CAAD96FF421}"
EndProject
Global
	GlobalSection(SolutionConfigurationPlatforms) = preSolution
		Debug|Any CPU = Debug|Any CPU
		Debug|Mixed Platforms = Debug|Mixed Platforms
		Debug|Win32 = Debug|Win32
		Debug|x64 = Debug|x64
		Release|Any CPU = Release|Any CPU
		Release|Mixed Platforms = Release|Mixed Platforms
		Release|Win32 = Release|Win32
		Release|x64 = Release|x64
	EndGlobalSection
	GlobalSection(ProjectConfigurationPlatforms) = postSolution
		{4BFFAD55-54B5-4D5E-851B-AE5F4122819C}.Debug|Any CPU.ActiveCfg = Debug|Any CPU
		{4BFFAD55-54B5-4D5E-851B-AE5F4122819C}.Debug|Any CPU.Build.0 = Debug|Any CPU
		{4BFFAD55-54B5-4D5E-851B-AE5F4122819C}.Debug|Mixed Platforms.ActiveCfg = Debug|Any CPU
		{4BFFAD55-54B5-4D5E-851B-AE5F4122819C}.Debug|Mixed Platforms.Build.0 = Debug|Any CPU
		{4BFFAD55-54B5-4D5E-851B-AE5F4122819C}.Debug|Win32.ActiveCfg = Debug|Any CPU
		{4BFFAD55-54B5-4D5E-851B-AE5F4122819C}.Debug|x64.ActiveCfg = Debug|Any CPU
		{4BFFAD55-54B5-4D5E-851B-AE5F4122819C}.Release|Any CPU.ActiveCfg = Release|Any CPU
		{4BFFAD55-54B5-4D5E-851B-AE5F4122819C}.Release|Any CPU.Build.0 = Release|Any CPU
		{4BFFAD55-54B5-4D5E-851B-AE5F4122819C}.Release|Mixed Platforms.ActiveCfg = Release|Any CPU
		{4BFFAD55-54B5-4D5E-851B-AE5F4122819C}.Release|Mixed Platforms.Build.0 = Release|Any CPU
		{4BFFAD55-54B5-4D5E-851B-AE5F4122819C}.Release|Win32.ActiveCfg = Release|Any CPU
		{4BFFAD55-54B5-4D5E-851B-AE5F4122819C}.Release|x64.ActiveCfg = Release|Any CPU
		{36B5015E-6EB2-4AC3-A003-77B772755AAD}.Debug|Any CPU.ActiveCfg = Debug|Any CPU
		{36B5015E-6EB2-4AC3-A003-77B772755AAD}.Debug|Any CPU.Build.0 = Debug|Any CPU
		{36B5015E-6EB2-4AC3-A003-77B772755AAD}.Debug|Mixed Platforms.ActiveCfg = Debug|Any CPU
		{36B5015E-6EB2-4AC3-A003-77B772755AAD}.Debug|Mixed Platforms.Build.0 = Debug|Any CPU
		{36B5015E-6EB2-4AC3-A003-77B772755AAD}.Debug|Win32.ActiveCfg = Debug|Any CPU
		{36B5015E-6EB2-4AC3-A003-77B772755AAD}.Debug|x64.ActiveCfg = Debug|Any CPU
		{36B5015E-6EB2-4AC3-A003-77B772755AAD}.Release|Any CPU.ActiveCfg = Release|Any CPU
		{36B5015E-6EB2-4AC3-A003-77B772755AAD}.Release|Any CPU.Build.0 = Release|Any CPU
		{36B5015E-6EB2-4AC3-A003-77B772755AAD}.Release|Mixed Platforms.ActiveCfg = Release|Any CPU
		{36B5015E-6EB2-4AC3-A003-77B772755AAD}.Release|Mixed Platforms.Build.0 = Release|Any CPU
		{36B5015E-6EB2-4AC3-A003-77B772755AAD}.Release|Win32.ActiveCfg = Release|Any CPU
		{36B5015E-6EB2-4AC3-A003-77B772755AAD}.Release|x64.ActiveCfg = Release|Any CPU
		{9CCA42D5-3875-4664-AB16-7782E830BB49}.Debug|Any CPU.ActiveCfg = Debug|Any CPU
		{9CCA42D5-3875-4664-AB16-7782E830BB49}.Debug|Any CPU.Build.0 = Debug|Any CPU
		{9CCA42D5-3875-4664-AB16-7782E830BB49}.Debug|Mixed Platforms.ActiveCfg = Debug|Any CPU
		{9CCA42D5-3875-4664-AB16-7782E830BB49}.Debug|Mixed Platforms.Build.0 = Debug|Any CPU
		{9CCA42D5-3875-4664-AB16-7782E830BB49}.Debug|Win32.ActiveCfg = Debug|Any CPU
		{9CCA42D5-3875-4664-AB16-7782E830BB49}.Debug|x64.ActiveCfg = Debug|Any CPU
		{9CCA42D5-3875-4664-AB16-7782E830BB49}.Release|Any CPU.ActiveCfg = Release|Any CPU
		{9CCA42D5-3875-4664-AB16-7782E830BB49}.Release|Any CPU.Build.0 = Release|Any CPU
		{9CCA42D5-3875-4664-AB16-7782E830BB49}.Release|Mixed Platforms.ActiveCfg = Release|Any CPU
		{9CCA42D5-3875-4664-AB16-7782E830BB49}.Release|Mixed Platforms.Build.0 = Release|Any CPU
		{9CCA42D5-3875-4664-AB16-7782E830BB49}.Release|Win32.ActiveCfg = Release|Any CPU
		{9CCA42D5-3875-4664-AB16-7782E830BB49}.Release|x64.ActiveCfg = Release|Any CPU
		{6E9ECBA4-A708-4620-8BB7-B1752A6714C4}.Debug|Any CPU.ActiveCfg = Debug|Any CPU
		{6E9ECBA4-A708-4620-8BB7-B1752A6714C4}.Debug|Any CPU.Build.0 = Debug|Any CPU
		{6E9ECBA4-A708-4620-8BB7-B1752A6714C4}.Debug|Mixed Platforms.ActiveCfg = Debug|Any CPU
		{6E9ECBA4-A708-4620-8BB7-B1752A6714C4}.Debug|Mixed Platforms.Build.0 = Debug|Any CPU
		{6E9ECBA4-A708-4620-8BB7-B1752A6714C4}.Debug|Win32.ActiveCfg = Debug|Any CPU
		{6E9ECBA4-A708-4620-8BB7-B1752A6714C4}.Debug|x64.ActiveCfg = Debug|Any CPU
		{6E9ECBA4-A708-4620-8BB7-B1752A6714C4}.Release|Any CPU.ActiveCfg = Release|Any CPU
		{6E9ECBA4-A708-4620-8BB7-B1752A6714C4}.Release|Any CPU.Build.0 = Release|Any CPU
		{6E9ECBA4-A708-4620-8BB7-B1752A6714C4}.Release|Mixed Platforms.ActiveCfg = Release|Any CPU
		{6E9ECBA4-A708-4620-8BB7-B1752A6714C4}.Release|Mixed Platforms.Build.0 = Release|Any CPU
		{6E9ECBA4-A708-4620-8BB7-B1752A6714C4}.Release|Win32.ActiveCfg = Release|Any CPU
		{6E9ECBA4-A708-4620-8BB7-B1752A6714C4}.Release|x64.ActiveCfg = Release|Any CPU
		{F15C7227-500B-4B07-91E6-D3B3024B7F83}.Debug|Any CPU.ActiveCfg = Debug|Any CPU
		{F15C7227-500B-4B07-91E6-D3B3024B7F83}.Debug|Any CPU.Build.0 = Debug|Any CPU
		{F15C7227-500B-4B07-91E6-D3B3024B7F83}.Debug|Mixed Platforms.ActiveCfg = Debug|Any CPU
		{F15C7227-500B-4B07-91E6-D3B3024B7F83}.Debug|Mixed Platforms.Build.0 = Debug|Any CPU
		{F15C7227-500B-4B07-91E6-D3B3024B7F83}.Debug|Win32.ActiveCfg = Debug|Any CPU
		{F15C7227-500B-4B07-91E6-D3B3024B7F83}.Debug|x64.ActiveCfg = Debug|Any CPU
		{F15C7227-500B-4B07-91E6-D3B3024B7F83}.Release|Any CPU.ActiveCfg = Release|Any CPU
		{F15C7227-500B-4B07-91E6-D3B3024B7F83}.Release|Any CPU.Build.0 = Release|Any CPU
		{F15C7227-500B-4B07-91E6-D3B3024B7F83}.Release|Mixed Platforms.ActiveCfg = Release|Any CPU
		{F15C7227-500B-4B07-91E6-D3B3024B7F83}.Release|Mixed Platforms.Build.0 = Release|Any CPU
		{F15C7227-500B-4B07-91E6-D3B3024B7F83}.Release|Win32.ActiveCfg = Release|Any CPU
		{F15C7227-500B-4B07-91E6-D3B3024B7F83}.Release|x64.ActiveCfg = Release|Any CPU
		{B3CCD1A3-0430-4637-990E-3B4AEC3BD50B}.Debug|Any CPU.ActiveCfg = Debug|Win32
		{B3CCD1A3-0430-4637-990E-3B4AEC3BD50B}.Debug|Mixed Platforms.ActiveCfg = Debug|x64
		{B3CCD1A3-0430-4637-990E-3B4AEC3BD50B}.Debug|Mixed Platforms.Build.0 = Debug|x64
		{B3CCD1A3-0430-4637-990E-3B4AEC3BD50B}.Debug|Win32.ActiveCfg = Debug|Win32
		{B3CCD1A3-0430-4637-990E-3B4AEC3BD50B}.Debug|Win32.Build.0 = Debug|Win32
		{B3CCD1A3-0430-4637-990E-3B4AEC3BD50B}.Debug|x64.ActiveCfg = Debug|x64
		{B3CCD1A3-0430-4637-990E-3B4AEC3BD50B}.Debug|x64.Build.0 = Debug|x64
		{B3CCD1A3-0430-4637-990E-3B4AEC3BD50B}.Release|Any CPU.ActiveCfg = Release|Win32
		{B3CCD1A3-0430-4637-990E-3B4AEC3BD50B}.Release|Mixed Platforms.ActiveCfg = Release|Win32
		{B3CCD1A3-0430-4637-990E-3B4AEC3BD50B}.Release|Mixed Platforms.Build.0 = Release|Win32
		{B3CCD1A3-0430-4637-990E-3B4AEC3BD50B}.Release|Win32.ActiveCfg = Release|Win32
		{B3CCD1A3-0430-4637-990E-3B4AEC3BD50B}.Release|Win32.Build.0 = Release|Win32
		{B3CCD1A3-0430-4637-990E-3B4AEC3BD50B}.Release|x64.ActiveCfg = Release|x64
		{B3CCD1A3-0430-4637-990E-3B4AEC3BD50B}.Release|x64.Build.0 = Release|x64
		{1EC0B556-B343-46B1-9099-7B71431E8C9E}.Debug|Any CPU.ActiveCfg = Debug|Any CPU
		{1EC0B556-B343-46B1-9099-7B71431E8C9E}.Debug|Any CPU.Build.0 = Debug|Any CPU
		{1EC0B556-B343-46B1-9099-7B71431E8C9E}.Debug|Mixed Platforms.ActiveCfg = Debug|Any CPU
		{1EC0B556-B343-46B1-9099-7B71431E8C9E}.Debug|Mixed Platforms.Build.0 = Debug|Any CPU
		{1EC0B556-B343-46B1-9099-7B71431E8C9E}.Debug|Win32.ActiveCfg = Debug|Any CPU
		{1EC0B556-B343-46B1-9099-7B71431E8C9E}.Debug|x64.ActiveCfg = Debug|Any CPU
		{1EC0B556-B343-46B1-9099-7B71431E8C9E}.Release|Any CPU.ActiveCfg = Release|Any CPU
		{1EC0B556-B343-46B1-9099-7B71431E8C9E}.Release|Any CPU.Build.0 = Release|Any CPU
		{1EC0B556-B343-46B1-9099-7B71431E8C9E}.Release|Mixed Platforms.ActiveCfg = Release|Any CPU
		{1EC0B556-B343-46B1-9099-7B71431E8C9E}.Release|Mixed Platforms.Build.0 = Release|Any CPU
		{1EC0B556-B343-46B1-9099-7B71431E8C9E}.Release|Win32.ActiveCfg = Release|Any CPU
		{1EC0B556-B343-46B1-9099-7B71431E8C9E}.Release|x64.ActiveCfg = Release|Any CPU
		{936AAB64-D0C7-48D9-98F3-1CAAD96FF421}.Debug|Any CPU.ActiveCfg = Debug|Any CPU
		{936AAB64-D0C7-48D9-98F3-1CAAD96FF421}.Debug|Any CPU.Build.0 = Debug|Any CPU
		{936AAB64-D0C7-48D9-98F3-1CAAD96FF421}.Debug|Mixed Platforms.ActiveCfg = Debug|Any CPU
		{936AAB64-D0C7-48D9-98F3-1CAAD96FF421}.Debug|Mixed Platforms.Build.0 = Debug|Any CPU
		{936AAB64-D0C7-48D9-98F3-1CAAD96FF421}.Debug|Win32.ActiveCfg = Debug|Any CPU
		{936AAB64-D0C7-48D9-98F3-1CAAD96FF421}.Debug|x64.ActiveCfg = Debug|Any CPU
		{936AAB64-D0C7-48D9-98F3-1CAAD96FF421}.Release|Any CPU.ActiveCfg = Release|Any CPU
		{936AAB64-D0C7-48D9-98F3-1CAAD96FF421}.Release|Any CPU.Build.0 = Release|Any CPU
		{936AAB64-D0C7-48D9-98F3-1CAAD96FF421}.Release|Mixed Platforms.ActiveCfg = Release|Any CPU
		{936AAB64-D0C7-48D9-98F3-1CAAD96FF421}.Release|Mixed Platforms.Build.0 = Release|Any CPU
		{936AAB64-D0C7-48D9-98F3-1CAAD96FF421}.Release|Win32.ActiveCfg = Release|Any CPU
		{936AAB64-D0C7-48D9-98F3-1CAAD96FF421}.Release|x64.ActiveCfg = Release|Any CPU
	EndGlobalSection
	GlobalSection(SolutionProperties) = preSolution
		HideSolutionNode = FALSE
	EndGlobalSection
EndGlobal
